
Microsoft Visual Studio Solution File, Format Version 12.00
# Visual Studio Version 17
VisualStudioVersion = 17.0.31903.59
MinimumVisualStudioVersion = 10.0.40219.1
Project("{FAE04EC0-301F-11D3-BF4B-00C04F79EFBC}") = "RagChat.Api", "RagChat.Api\RagChat.Api.csproj", "{E01D82B9-B6E4-4176-BC90-666D1C6224F4}"
EndProject
Project("{FAE04EC0-301F-11D3-BF4B-00C04F79EFBC}") = "RagChat.Tests", "RagChat.Tests\RagChat.Tests.csproj", "{DD37E1FA-88D8-4F87-806E-259D119F746E}"
EndProject
Global
	GlobalSection(SolutionConfigurationPlatforms) = preSolution
		Debug|Any CPU = Debug|Any CPU
		Debug|x64 = Debug|x64
		Debug|x86 = Debug|x86
		Release|Any CPU = Release|Any CPU
		Release|x64 = Release|x64
		Release|x86 = Release|x86
	EndGlobalSection
	GlobalSection(ProjectConfigurationPlatforms) = postSolution
		{E01D82B9-B6E4-4176-BC90-666D1C6224F4}.Debug|Any CPU.ActiveCfg = Debug|Any CPU
		{E01D82B9-B6E4-4176-BC90-666D1C6224F4}.Debug|Any CPU.Build.0 = Debug|Any CPU
		{E01D82B9-B6E4-4176-BC90-666D1C6224F4}.Debug|x64.ActiveCfg = Debug|Any CPU
		{E01D82B9-B6E4-4176-BC90-666D1C6224F4}.Debug|x64.Build.0 = Debug|Any CPU
		{E01D82B9-B6E4-4176-BC90-666D1C6224F4}.Debug|x86.ActiveCfg = Debug|Any CPU
		{E01D82B9-B6E4-4176-BC90-666D1C6224F4}.Debug|x86.Build.0 = Debug|Any CPU
		{E01D82B9-B6E4-4176-BC90-666D1C6224F4}.Release|Any CPU.ActiveCfg = Release|Any CPU
		{E01D82B9-B6E4-4176-BC90-666D1C6224F4}.Release|Any CPU.Build.0 = Release|Any CPU
		{E01D82B9-B6E4-4176-BC90-666D1C6224F4}.Release|x64.ActiveCfg = Release|Any CPU
		{E01D82B9-B6E4-4176-BC90-666D1C6224F4}.Release|x64.Build.0 = Release|Any CPU
		{E01D82B9-B6E4-4176-BC90-666D1C6224F4}.Release|x86.ActiveCfg = Release|Any CPU
		{E01D82B9-B6E4-4176-BC90-666D1C6224F4}.Release|x86.Build.0 = Release|Any CPU
		{DD37E1FA-88D8-4F87-806E-259D119F746E}.Debug|Any CPU.ActiveCfg = Debug|Any CPU
		{DD37E1FA-88D8-4F87-806E-259D119F746E}.Debug|Any CPU.Build.0 = Debug|Any CPU
		{DD37E1FA-88D8-4F87-806E-259D119F746E}.Debug|x64.ActiveCfg = Debug|Any CPU
		{DD37E1FA-88D8-4F87-806E-259D119F746E}.Debug|x64.Build.0 = Debug|Any CPU
		{DD37E1FA-88D8-4F87-806E-259D119F746E}.Debug|x86.ActiveCfg = Debug|Any CPU
		{DD37E1FA-88D8-4F87-806E-259D119F746E}.Debug|x86.Build.0 = Debug|Any CPU
		{DD37E1FA-88D8-4F87-806E-259D119F746E}.Release|Any CPU.ActiveCfg = Release|Any CPU
		{DD37E1FA-88D8-4F87-806E-259D119F746E}.Release|Any CPU.Build.0 = Release|Any CPU
		{DD37E1FA-88D8-4F87-806E-259D119F746E}.Release|x64.ActiveCfg = Release|Any CPU
		{DD37E1FA-88D8-4F87-806E-259D119F746E}.Release|x64.Build.0 = Release|Any CPU
		{DD37E1FA-88D8-4F87-806E-259D119F746E}.Release|x86.ActiveCfg = Release|Any CPU
		{DD37E1FA-88D8-4F87-806E-259D119F746E}.Release|x86.Build.0 = Release|Any CPU
	EndGlobalSection
	GlobalSection(SolutionProperties) = preSolution
		HideSolutionNode = FALSE
	EndGlobalSection
EndGlobal
